<?xml version="1.0" encoding="utf-8"?>
<Project ToolsVersion="4.0" xmlns="http://schemas.microsoft.com/developer/msbuild/2003">
  <ItemGroup>
    <Filter Include="Source Files">
      <UniqueIdentifier>{4FC737F1-C7A5-4376-A066-2A32D752A2FF}</UniqueIdentifier>
      <Extensions>cpp;c;cc;cxx;def;odl;idl;hpj;bat;asm;asmx</Extensions>
    </Filter>
    <Filter Include="Header Files">
      <UniqueIdentifier>{93995380-89BD-4b04-88EB-625FBE52EBFB}</UniqueIdentifier>
      <Extensions>h;hpp;hxx;hm;inl;inc;xsd</Extensions>
    </Filter>
    <Filter Include="Resource Files">
      <UniqueIdentifier>{67DA6AB6-F800-4c08-8B7A-83BB121AAD01}</UniqueIdentifier>
      <Extensions>rc;ico;cur;bmp;dlg;rc2;rct;bin;rgs;gif;jpg;jpeg;jpe;resx;tiff;tif;png;wav;mfcribbon-ms</Extensions>
    </Filter>
    <Filter Include="jsoncpp">
      <UniqueIdentifier>{fdebb608-cac9-4a2b-bc6f-8632ddda7ff5}</UniqueIdentifier>
    </Filter>
    <Filter Include="xpnp">
      <UniqueIdentifier>{a0c285c4-ed5a-4b52-ab79-16685c1a99b6}</UniqueIdentifier>
    </Filter>
  </ItemGroup>
  <ItemGroup>
    <None Include="ReadMe.txt" />
  </ItemGroup>
  <ItemGroup>
    <ClInclude Include="stdafx.h">
      <Filter>Header Files</Filter>
    </ClInclude>
    <ClInclude Include="targetver.h">
      <Filter>Header Files</Filter>
    </ClInclude>
    <ClInclude Include="jsoncpp\assertions.h">
      <Filter>jsoncpp</Filter>
    </ClInclude>
    <ClInclude Include="jsoncpp\autolink.h">
      <Filter>jsoncpp</Filter>
    </ClInclude>
    <ClInclude Include="jsoncpp\config.h">
      <Filter>jsoncpp</Filter>
    </ClInclude>
    <ClInclude Include="jsoncpp\features.h">
      <Filter>jsoncpp</Filter>
    </ClInclude>
    <ClInclude Include="jsoncpp\forwards.h">
      <Filter>jsoncpp</Filter>
    </ClInclude>
    <ClInclude Include="jsoncpp\json.h">
      <Filter>jsoncpp</Filter>
    </ClInclude>
    <ClInclude Include="jsoncpp\reader.h">
      <Filter>jsoncpp</Filter>
    </ClInclude>
    <ClInclude Include="jsoncpp\value.h">
      <Filter>jsoncpp</Filter>
    </ClInclude>
    <ClInclude Include="jsoncpp\writer.h">
      <Filter>jsoncpp</Filter>
    </ClInclude>
    <ClInclude Include="util.hpp">
      <Filter>Header Files</Filter>
    </ClInclude>
    <ClInclude Include="public\PeriscopeIndexerClient.h">
      <Filter>Header Files</Filter>
    </ClInclude>
    <ClInclude Include="xpnp\XpNamedPipe.h">
      <Filter>xpnp</Filter>
    </ClInclude>
  </ItemGroup>
  <ItemGroup>
    <ClCompile Include="stdafx.cpp">
      <Filter>Source Files</Filter>
    </ClCompile>
    <ClCompile Include="PeriscopeIndexerClient.cpp">
      <Filter>Source Files</Filter>
    </ClCompile>
  </ItemGroup>
</Project>